
Microsoft Visual Studio Solution File, Format Version 12.00
# Visual Studio Version 16
VisualStudioVersion = 16.0.29609.76
MinimumVisualStudioVersion = 10.0.40219.1
Project("{FAE04EC0-301F-11D3-BF4B-00C04F79EFBC}") = "List", "List.csproj", "{305C11A5-9E66-4E76-87A6-74B25E2EA9B8}"
EndProject
Global
	GlobalSection(SolutionConfigurationPlatforms) = preSolution
		Debug|Any CPU = Debug|Any CPU
		Release|Any CPU = Release|Any CPU
	EndGlobalSection
	GlobalSection(ProjectConfigurationPlatforms) = postSolution
		{305C11A5-9E66-4E76-87A6-74B25E2EA9B8}.Debug|Any CPU.ActiveCfg = Debug|Any CPU
		{305C11A5-9E66-4E76-87A6-74B25E2EA9B8}.Debug|Any CPU.Build.0 = Debug|Any CPU
		{305C11A5-9E66-4E76-87A6-74B25E2EA9B8}.Release|Any CPU.ActiveCfg = Release|Any CPU
		{305C11A5-9E66-4E76-87A6-74B25E2EA9B8}.Release|Any CPU.Build.0 = Release|Any CPU
	EndGlobalSection
	GlobalSection(SolutionProperties) = preSolution
		HideSolutionNode = FALSE
	EndGlobalSection
	GlobalSection(ExtensibilityGlobals) = postSolution
		SolutionGuid = {5D89943D-FB0E-4B65-9C47-659F1E4B8CAD}
	EndGlobalSection
EndGlobal
