
Microsoft Visual Studio Solution File, Format Version 12.00
# Visual Studio Version 16
VisualStudioVersion = 16.0.29609.76
MinimumVisualStudioVersion = 10.0.40219.1
Project("{FAE04EC0-301F-11D3-BF4B-00C04F79EFBC}") = "conjunto", "conjunto.csproj", "{961B31C9-01AA-491B-B43A-EDC1E4B1BB98}"
EndProject
Global
	GlobalSection(SolutionConfigurationPlatforms) = preSolution
		Debug|Any CPU = Debug|Any CPU
		Release|Any CPU = Release|Any CPU
	EndGlobalSection
	GlobalSection(ProjectConfigurationPlatforms) = postSolution
		{961B31C9-01AA-491B-B43A-EDC1E4B1BB98}.Debug|Any CPU.ActiveCfg = Debug|Any CPU
		{961B31C9-01AA-491B-B43A-EDC1E4B1BB98}.Debug|Any CPU.Build.0 = Debug|Any CPU
		{961B31C9-01AA-491B-B43A-EDC1E4B1BB98}.Release|Any CPU.ActiveCfg = Release|Any CPU
		{961B31C9-01AA-491B-B43A-EDC1E4B1BB98}.Release|Any CPU.Build.0 = Release|Any CPU
	EndGlobalSection
	GlobalSection(SolutionProperties) = preSolution
		HideSolutionNode = FALSE
	EndGlobalSection
	GlobalSection(ExtensibilityGlobals) = postSolution
		SolutionGuid = {C86DFF93-8FC3-4821-956D-BEDC277ACB65}
	EndGlobalSection
EndGlobal
