
Microsoft Visual Studio Solution File, Format Version 12.00
# Visual Studio Version 16
VisualStudioVersion = 16.0.29609.76
MinimumVisualStudioVersion = 10.0.40219.1
Project("{FAE04EC0-301F-11D3-BF4B-00C04F79EFBC}") = "escopo_variavel", "escopo_variavel.csproj", "{B2E02922-C6CB-477B-A57A-0DAD2EE8F456}"
EndProject
Global
	GlobalSection(SolutionConfigurationPlatforms) = preSolution
		Debug|Any CPU = Debug|Any CPU
		Release|Any CPU = Release|Any CPU
	EndGlobalSection
	GlobalSection(ProjectConfigurationPlatforms) = postSolution
		{B2E02922-C6CB-477B-A57A-0DAD2EE8F456}.Debug|Any CPU.ActiveCfg = Debug|Any CPU
		{B2E02922-C6CB-477B-A57A-0DAD2EE8F456}.Debug|Any CPU.Build.0 = Debug|Any CPU
		{B2E02922-C6CB-477B-A57A-0DAD2EE8F456}.Release|Any CPU.ActiveCfg = Release|Any CPU
		{B2E02922-C6CB-477B-A57A-0DAD2EE8F456}.Release|Any CPU.Build.0 = Release|Any CPU
	EndGlobalSection
	GlobalSection(SolutionProperties) = preSolution
		HideSolutionNode = FALSE
	EndGlobalSection
	GlobalSection(ExtensibilityGlobals) = postSolution
		SolutionGuid = {1E88B96D-7E25-4979-B2FF-77AE10044E49}
	EndGlobalSection
EndGlobal
