
Microsoft Visual Studio Solution File, Format Version 12.00
# Visual Studio Version 16
VisualStudioVersion = 16.0.29609.76
MinimumVisualStudioVersion = 10.0.40219.1
Project("{FAE04EC0-301F-11D3-BF4B-00C04F79EFBC}") = "funcoes", "funcoes.csproj", "{8AFFE732-7BD0-4128-B265-340FD97AE584}"
EndProject
Global
	GlobalSection(SolutionConfigurationPlatforms) = preSolution
		Debug|Any CPU = Debug|Any CPU
		Release|Any CPU = Release|Any CPU
	EndGlobalSection
	GlobalSection(ProjectConfigurationPlatforms) = postSolution
		{8AFFE732-7BD0-4128-B265-340FD97AE584}.Debug|Any CPU.ActiveCfg = Debug|Any CPU
		{8AFFE732-7BD0-4128-B265-340FD97AE584}.Debug|Any CPU.Build.0 = Debug|Any CPU
		{8AFFE732-7BD0-4128-B265-340FD97AE584}.Release|Any CPU.ActiveCfg = Release|Any CPU
		{8AFFE732-7BD0-4128-B265-340FD97AE584}.Release|Any CPU.Build.0 = Release|Any CPU
	EndGlobalSection
	GlobalSection(SolutionProperties) = preSolution
		HideSolutionNode = FALSE
	EndGlobalSection
	GlobalSection(ExtensibilityGlobals) = postSolution
		SolutionGuid = {182C4A35-8F95-44CB-A92D-B27006ADD4FF}
	EndGlobalSection
EndGlobal
