
Microsoft Visual Studio Solution File, Format Version 12.00
# Visual Studio Version 16
VisualStudioVersion = 16.0.29609.76
MinimumVisualStudioVersion = 10.0.40219.1
Project("{FAE04EC0-301F-11D3-BF4B-00C04F79EFBC}") = "metados_estaticos", "metados_estaticos.csproj", "{AE7BDD11-D7A9-4EDB-946E-5243B37015E9}"
EndProject
Global
	GlobalSection(SolutionConfigurationPlatforms) = preSolution
		Debug|Any CPU = Debug|Any CPU
		Release|Any CPU = Release|Any CPU
	EndGlobalSection
	GlobalSection(ProjectConfigurationPlatforms) = postSolution
		{AE7BDD11-D7A9-4EDB-946E-5243B37015E9}.Debug|Any CPU.ActiveCfg = Debug|Any CPU
		{AE7BDD11-D7A9-4EDB-946E-5243B37015E9}.Debug|Any CPU.Build.0 = Debug|Any CPU
		{AE7BDD11-D7A9-4EDB-946E-5243B37015E9}.Release|Any CPU.ActiveCfg = Release|Any CPU
		{AE7BDD11-D7A9-4EDB-946E-5243B37015E9}.Release|Any CPU.Build.0 = Release|Any CPU
	EndGlobalSection
	GlobalSection(SolutionProperties) = preSolution
		HideSolutionNode = FALSE
	EndGlobalSection
	GlobalSection(ExtensibilityGlobals) = postSolution
		SolutionGuid = {FCEB6484-F6C2-4402-8CBB-BCA668113B57}
	EndGlobalSection
EndGlobal
