
Microsoft Visual Studio Solution File, Format Version 12.00
# Visual Studio Version 16
VisualStudioVersion = 16.0.29609.76
MinimumVisualStudioVersion = 10.0.40219.1
Project("{FAE04EC0-301F-11D3-BF4B-00C04F79EFBC}") = "estrutura_condicional", "estrutura_condicional.csproj", "{82323D2E-07EC-4C33-BBFE-9B36E7B3F35D}"
EndProject
Global
	GlobalSection(SolutionConfigurationPlatforms) = preSolution
		Debug|Any CPU = Debug|Any CPU
		Release|Any CPU = Release|Any CPU
	EndGlobalSection
	GlobalSection(ProjectConfigurationPlatforms) = postSolution
		{82323D2E-07EC-4C33-BBFE-9B36E7B3F35D}.Debug|Any CPU.ActiveCfg = Debug|Any CPU
		{82323D2E-07EC-4C33-BBFE-9B36E7B3F35D}.Debug|Any CPU.Build.0 = Debug|Any CPU
		{82323D2E-07EC-4C33-BBFE-9B36E7B3F35D}.Release|Any CPU.ActiveCfg = Release|Any CPU
		{82323D2E-07EC-4C33-BBFE-9B36E7B3F35D}.Release|Any CPU.Build.0 = Release|Any CPU
	EndGlobalSection
	GlobalSection(SolutionProperties) = preSolution
		HideSolutionNode = FALSE
	EndGlobalSection
	GlobalSection(ExtensibilityGlobals) = postSolution
		SolutionGuid = {7AB2BC69-B7E2-4247-B8FB-CBB16E69DD37}
	EndGlobalSection
EndGlobal
