
Microsoft Visual Studio Solution File, Format Version 12.00
# Visual Studio Version 16
VisualStudioVersion = 16.0.29609.76
MinimumVisualStudioVersion = 10.0.40219.1
Project("{FAE04EC0-301F-11D3-BF4B-00C04F79EFBC}") = "exercicio_for", "exercicio_for.csproj", "{6906E376-F9CB-42D0-87B1-3D2AC4B4F63E}"
EndProject
Global
	GlobalSection(SolutionConfigurationPlatforms) = preSolution
		Debug|Any CPU = Debug|Any CPU
		Release|Any CPU = Release|Any CPU
	EndGlobalSection
	GlobalSection(ProjectConfigurationPlatforms) = postSolution
		{6906E376-F9CB-42D0-87B1-3D2AC4B4F63E}.Debug|Any CPU.ActiveCfg = Debug|Any CPU
		{6906E376-F9CB-42D0-87B1-3D2AC4B4F63E}.Debug|Any CPU.Build.0 = Debug|Any CPU
		{6906E376-F9CB-42D0-87B1-3D2AC4B4F63E}.Release|Any CPU.ActiveCfg = Release|Any CPU
		{6906E376-F9CB-42D0-87B1-3D2AC4B4F63E}.Release|Any CPU.Build.0 = Release|Any CPU
	EndGlobalSection
	GlobalSection(SolutionProperties) = preSolution
		HideSolutionNode = FALSE
	EndGlobalSection
	GlobalSection(ExtensibilityGlobals) = postSolution
		SolutionGuid = {62C05BE2-5DBF-4B1A-9340-BD3F1EAE289A}
	EndGlobalSection
EndGlobal
