
Microsoft Visual Studio Solution File, Format Version 12.00
# Visual Studio Version 16
VisualStudioVersion = 16.0.29609.76
MinimumVisualStudioVersion = 10.0.40219.1
Project("{FAE04EC0-301F-11D3-BF4B-00C04F79EFBC}") = "area_triangulo", "area_triangulo.csproj", "{AA2431A3-4493-4D5A-AFAC-EDB7AE80855C}"
EndProject
Global
	GlobalSection(SolutionConfigurationPlatforms) = preSolution
		Debug|Any CPU = Debug|Any CPU
		Release|Any CPU = Release|Any CPU
	EndGlobalSection
	GlobalSection(ProjectConfigurationPlatforms) = postSolution
		{AA2431A3-4493-4D5A-AFAC-EDB7AE80855C}.Debug|Any CPU.ActiveCfg = Debug|Any CPU
		{AA2431A3-4493-4D5A-AFAC-EDB7AE80855C}.Debug|Any CPU.Build.0 = Debug|Any CPU
		{AA2431A3-4493-4D5A-AFAC-EDB7AE80855C}.Release|Any CPU.ActiveCfg = Release|Any CPU
		{AA2431A3-4493-4D5A-AFAC-EDB7AE80855C}.Release|Any CPU.Build.0 = Release|Any CPU
	EndGlobalSection
	GlobalSection(SolutionProperties) = preSolution
		HideSolutionNode = FALSE
	EndGlobalSection
	GlobalSection(ExtensibilityGlobals) = postSolution
		SolutionGuid = {21716CB3-47BE-4A2F-8B83-AC4E9B9EE829}
	EndGlobalSection
EndGlobal
