
Microsoft Visual Studio Solution File, Format Version 12.00
# Visual Studio 15
VisualStudioVersion = 15.0.28307.902
MinimumVisualStudioVersion = 10.0.40219.1
Project("{FAE04EC0-301F-11D3-BF4B-00C04F79EFBC}") = "exercicio", "exercicio\exercicio.csproj", "{3798373E-3FCD-4F47-B0C4-DCA413F99C26}"
EndProject
Global
	GlobalSection(SolutionConfigurationPlatforms) = preSolution
		Debug|Any CPU = Debug|Any CPU
		Release|Any CPU = Release|Any CPU
	EndGlobalSection
	GlobalSection(ProjectConfigurationPlatforms) = postSolution
		{3798373E-3FCD-4F47-B0C4-DCA413F99C26}.Debug|Any CPU.ActiveCfg = Debug|Any CPU
		{3798373E-3FCD-4F47-B0C4-DCA413F99C26}.Debug|Any CPU.Build.0 = Debug|Any CPU
		{3798373E-3FCD-4F47-B0C4-DCA413F99C26}.Release|Any CPU.ActiveCfg = Release|Any CPU
		{3798373E-3FCD-4F47-B0C4-DCA413F99C26}.Release|Any CPU.Build.0 = Release|Any CPU
	EndGlobalSection
	GlobalSection(SolutionProperties) = preSolution
		HideSolutionNode = FALSE
	EndGlobalSection
	GlobalSection(ExtensibilityGlobals) = postSolution
		SolutionGuid = {B728B240-1877-4192-9C36-661E52BBF5DE}
	EndGlobalSection
EndGlobal
