
Microsoft Visual Studio Solution File, Format Version 12.00
# Visual Studio Version 16
VisualStudioVersion = 16.0.29609.76
MinimumVisualStudioVersion = 10.0.40219.1
Project("{FAE04EC0-301F-11D3-BF4B-00C04F79EFBC}") = "funcoes_para_strings", "funcoes_para_strings.csproj", "{FD7D163C-E8F7-46BF-8B89-38778C4550B8}"
EndProject
Global
	GlobalSection(SolutionConfigurationPlatforms) = preSolution
		Debug|Any CPU = Debug|Any CPU
		Release|Any CPU = Release|Any CPU
	EndGlobalSection
	GlobalSection(ProjectConfigurationPlatforms) = postSolution
		{FD7D163C-E8F7-46BF-8B89-38778C4550B8}.Debug|Any CPU.ActiveCfg = Debug|Any CPU
		{FD7D163C-E8F7-46BF-8B89-38778C4550B8}.Debug|Any CPU.Build.0 = Debug|Any CPU
		{FD7D163C-E8F7-46BF-8B89-38778C4550B8}.Release|Any CPU.ActiveCfg = Release|Any CPU
		{FD7D163C-E8F7-46BF-8B89-38778C4550B8}.Release|Any CPU.Build.0 = Release|Any CPU
	EndGlobalSection
	GlobalSection(SolutionProperties) = preSolution
		HideSolutionNode = FALSE
	EndGlobalSection
	GlobalSection(ExtensibilityGlobals) = postSolution
		SolutionGuid = {0FDF3D0A-4FC9-4DD4-BB1E-D7C44D4909CD}
	EndGlobalSection
EndGlobal
