
Microsoft Visual Studio Solution File, Format Version 12.00
# Visual Studio Version 16
VisualStudioVersion = 16.0.29609.76
MinimumVisualStudioVersion = 10.0.40219.1
Project("{FAE04EC0-301F-11D3-BF4B-00C04F79EFBC}") = "params ref_e_out", "params ref_e_out.csproj", "{A047F648-160D-48C9-A54F-2DA81EFDA478}"
EndProject
Global
	GlobalSection(SolutionConfigurationPlatforms) = preSolution
		Debug|Any CPU = Debug|Any CPU
		Release|Any CPU = Release|Any CPU
	EndGlobalSection
	GlobalSection(ProjectConfigurationPlatforms) = postSolution
		{A047F648-160D-48C9-A54F-2DA81EFDA478}.Debug|Any CPU.ActiveCfg = Debug|Any CPU
		{A047F648-160D-48C9-A54F-2DA81EFDA478}.Debug|Any CPU.Build.0 = Debug|Any CPU
		{A047F648-160D-48C9-A54F-2DA81EFDA478}.Release|Any CPU.ActiveCfg = Release|Any CPU
		{A047F648-160D-48C9-A54F-2DA81EFDA478}.Release|Any CPU.Build.0 = Release|Any CPU
	EndGlobalSection
	GlobalSection(SolutionProperties) = preSolution
		HideSolutionNode = FALSE
	EndGlobalSection
	GlobalSection(ExtensibilityGlobals) = postSolution
		SolutionGuid = {9271F9C5-B593-4CF9-9625-FD49693D9682}
	EndGlobalSection
EndGlobal
